// !$*UTF8*$!
{
	archiveVersion = 1;
	classes = {
	};
	objectVersion = 77;
	objects = {

/* Begin PBXContainerItemProxy section */
		A9C9DA3C2FBC24F900DD4FBC /* PBXContainerItemProxy */ = {
			isa = PBXContainerItemProxy;
			containerPortal = A9C9DA262FBC24F700DD4FBC /* Project object */;
			proxyType = 1;
			remoteGlobalIDString = A9C9DA2D2FBC24F700DD4FBC;
			remoteInfo = RealTimePriceTracker;
		};
		A9C9DA462FBC24F900DD4FBC /* PBXContainerItemProxy */ = {
			isa = PBXContainerItemProxy;
			containerPortal = A9C9DA262FBC24F700DD4FBC /* Project object */;
			proxyType = 1;
			remoteGlobalIDString = A9C9DA2D2FBC24F700DD4FBC;
			remoteInfo = RealTimePriceTracker;
		};
/* End PBXContainerItemProxy section */

/* Begin PBXFileReference section */
		A9C9DA2E2FBC24F700DD4FBC /* RealTimePriceTracker.app */ = {isa = PBXFileReference; explicitFileType = wrapper.application; includeInIndex = 0; path = RealTimePriceTracker.app; sourceTree = BUILT_PRODUCTS_DIR; };
		A9C9DA3B2FBC24F900DD4FBC /* RealTimePriceTrackerTests.xctest */ = {isa = PBXFileReference; explicitFileType = wrapper.cfbundle; includeInIndex = 0; path = RealTimePriceTrackerTests.xctest; sourceTree = BUILT_PRODUCTS_DIR; };
		A9C9DA452FBC24F900DD4FBC /* RealTimePriceTrackerUITests.xctest */ = {isa = PBXFileReference; explicitFileType = wrapper.cfbundle; includeInIndex = 0; path = RealTimePriceTrackerUITests.xctest; sourceTree = BUILT_PRODUCTS_DIR; };
/* End PBXFileReference section */

/* Begin PBXFileSystemSynchronizedRootGroup section */
		A9C9DA302FBC24F700DD4FBC /* RealTimePriceTracker */ = {
			isa = PBXFileSystemSynchronizedRootGroup;
			path = RealTimePriceTracker;
			sourceTree = "<group>";
		};
		A9C9DA3E2FBC24F900DD4FBC /* RealTimePriceTrackerTests */ = {
			isa = PBXFileSystemSynchronizedRootGroup;
			path = RealTimePriceTrackerTests;
			sourceTree = "<group>";
		};
		A9C9DA482FBC24F900DD4FBC /* RealTimePriceTrackerUITests */ = {
			isa = PBXFileSystemSynchronizedRootGroup;
			path = RealTimePriceTrackerUITests;
			sourceTree = "<group>";
		};
/* End PBXFileSystemSynchronizedRootGroup section */

/* Begin PBXFrameworksBuildPhase section */
		A9C9DA2B2FBC24F700DD4FBC /* Frameworks */ = {
			isa = PBXFrameworksBuildPhase;
			buildActionMask = 2147483647;
			files = (
			);
			runOnlyForDeploymentPostprocessing = 0;
		};
		A9C9DA382FBC24F900DD4FBC /* Frameworks */ = {
			isa = PBXFrameworksBuildPhase;
			buildActionMask = 2147483647;
			files = (
			);
			runOnlyForDeploymentPostprocessing = 0;
		};
		A9C9DA422FBC24F900DD4FBC /* Frameworks */ = {
			isa = PBXFrameworksBuildPhase;
			buildActionMask = 2147483647;
			files = (
			);
			runOnlyForDeploymentPostprocessing = 0;
		};
/* End PBXFrameworksBuildPhase section */

/* Begin PBXGroup section */
		A9C9DA252FBC24F700DD4FBC = {
			isa = PBXGroup;
			children = (
				A9C9DA302FBC24F700DD4FBC /* RealTimePriceTracker */,
				A9C9DA3E2FBC24F900DD4FBC /* RealTimePriceTrackerTests */,
				A9C9DA482FBC24F900DD4FBC /* RealTimePriceTrackerUITests */,
				A9C9DA2F2FBC24F700DD4FBC /* Products */,
			);
			sourceTree = "<group>";
		};
		A9C9DA2F2FBC24F700DD4FBC /* Products */ = {
			isa = PBXGroup;
			children = (
				A9C9DA2E2FBC24F700DD4FBC /* RealTimePriceTracker.app */,
				A9C9DA3B2FBC24F900DD4FBC /* RealTimePriceTrackerTests.xctest */,
				A9C9DA452FBC24F900DD4FBC /* RealTimePriceTrackerUITests.xctest */,
			);
			name = Products;
			sourceTree = "<group>";
		};
/* End PBXGroup section */

/* Begin PBXNativeTarget section */
		A9C9DA2D2FBC24F700DD4FBC /* RealTimePriceTracker */ = {
			isa = PBXNativeTarget;
			buildConfigurationList = A9C9DA4F2FBC24F900DD4FBC /* Build configuration list for PBXNativeTarget "RealTimePriceTracker" */;
			buildPhases = (
				A9C9DA2A2FBC24F700DD4FBC /* Sources */,
				A9C9DA2B2FBC24F700DD4FBC /* Frameworks */,
				A9C9DA2C2FBC24F700DD4FBC /* Resources */,
			);
			buildRules = (
			);
			dependencies = (
			);
			fileSystemSynchronizedGroups = (
				A9C9DA302FBC24F700DD4FBC /* RealTimePriceTracker */,
			);
			name = RealTimePriceTracker;
			packageProductDependencies = (
			);
			productName = RealTimePriceTracker;
			productReference = A9C9DA2E2FBC24F700DD4FBC /* RealTimePriceTracker.app */;
			productType = "com.apple.product-type.application";
		};
		A9C9DA3A2FBC24F900DD4FBC /* RealTimePriceTrackerTests */ = {
			isa = PBXNativeTarget;
			buildConfigurationList = A9C9DA522FBC24F900DD4FBC /* Build configuration list for PBXNativeTarget "RealTimePriceTrackerTests" */;
			buildPhases = (
				A9C9DA372FBC24F900DD4FBC /* Sources */,
				A9C9DA382FBC24F900DD4FBC /* Frameworks */,
				A9C9DA392FBC24F900DD4FBC /* Resources */,
			);
			buildRules = (
			);
			dependencies = (
				A9C9DA3D2FBC24F900DD4FBC /* PBXTargetDependency */,
			);
			fileSystemSynchronizedGroups = (
				A9C9DA3E2FBC24F900DD4FBC /* RealTimePriceTrackerTests */,
			);
			name = RealTimePriceTrackerTests;
			packageProductDependencies = (
			);
			productName = RealTimePriceTrackerTests;
			productReference = A9C9DA3B2FBC24F900DD4FBC /* RealTimePriceTrackerTests.xctest */;
			productType = "com.apple.product-type.bundle.unit-test";
		};
		A9C9DA442FBC24F900DD4FBC /* RealTimePriceTrackerUITests */ = {
			isa = PBXNativeTarget;
			buildConfigurationList = A9C9DA552FBC24F900DD4FBC /* Build configuration list for PBXNativeTarget "RealTimePriceTrackerUITests" */;
			buildPhases = (
				A9C9DA412FBC24F900DD4FBC /* Sources */,
				A9C9DA422FBC24F900DD4FBC /* Frameworks */,
				A9C9DA432FBC24F900DD4FBC /* Resources */,
			);
			buildRules = (
			);
			dependencies = (
				A9C9DA472FBC24F900DD4FBC /* PBXTargetDependency */,
			);
			fileSystemSynchronizedGroups = (
				A9C9DA482FBC24F900DD4FBC /* RealTimePriceTrackerUITests */,
			);
			name = RealTimePriceTrackerUITests;
			packageProductDependencies = (
			);
			productName = RealTimePriceTrackerUITests;
			productReference = A9C9DA452FBC24F900DD4FBC /* RealTimePriceTrackerUITests.xctest */;
			productType = "com.apple.product-type.bundle.ui-testing";
		};
/* End PBXNativeTarget section */

/* Begin PBXProject section */
		A9C9DA262FBC24F700DD4FBC /* Project object */ = {
			isa = PBXProject;
			attributes = {
				BuildIndependentTargetsInParallel = 1;
				LastSwiftUpdateCheck = 2620;
				LastUpgradeCheck = 2620;
				TargetAttributes = {
					A9C9DA2D2FBC24F700DD4FBC = {
						CreatedOnToolsVersion = 26.2;
					};
					A9C9DA3A2FBC24F900DD4FBC = {
						CreatedOnToolsVersion = 26.2;
						TestTargetID = A9C9DA2D2FBC24F700DD4FBC;
					};
					A9C9DA442FBC24F900DD4FBC = {
						CreatedOnToolsVersion = 26.2;
						TestTargetID = A9C9DA2D2FBC24F700DD4FBC;
					};
				};
			};
			buildConfigurationList = A9C9DA292FBC24F700DD4FBC /* Build configuration list for PBXProject "RealTimePriceTracker" */;
			developmentRegion = en;
			hasScannedForEncodings = 0;
			knownRegions = (
				en,
				Base,
			);
			mainGroup = A9C9DA252FBC24F700DD4FBC;
			minimizedProjectReferenceProxies = 1;
			preferredProjectObjectVersion = 77;
			productRefGroup = A9C9DA2F2FBC24F700DD4FBC /* Products */;
			projectDirPath = "";
			projectRoot = "";
			targets = (
				A9C9DA2D2FBC24F700DD4FBC /* RealTimePriceTracker */,
				A9C9DA3A2FBC24F900DD4FBC /* RealTimePriceTrackerTests */,
				A9C9DA442FBC24F900DD4FBC /* RealTimePriceTrackerUITests */,
			);
		};
/* End PBXProject section */

/* Begin PBXResourcesBuildPhase section */
		A9C9DA2C2FBC24F700DD4FBC /* Resources */ = {
			isa = PBXResourcesBuildPhase;
			buildActionMask = 2147483647;
			files = (
			);
			runOnlyForDeploymentPostprocessing = 0;
		};
		A9C9DA392FBC24F900DD4FBC /* Resources */ = {
			isa = PBXResourcesBuildPhase;
			buildActionMask = 2147483647;
			files = (
			);
			runOnlyForDeploymentPostprocessing = 0;
		};
		A9C9DA432FBC24F900DD4FBC /* Resources */ = {
			isa = PBXResourcesBuildPhase;
			buildActionMask = 2147483647;
			files = (
			);
			runOnlyForDeploymentPostprocessing = 0;
		};
/* End PBXResourcesBuildPhase section */

/* Begin PBXSourcesBuildPhase section */
		A9C9DA2A2FBC24F700DD4FBC /* Sources */ = {
			isa = PBXSourcesBuildPhase;
			buildActionMask = 2147483647;
			files = (
			);
			runOnlyForDeploymentPostprocessing = 0;
		};
		A9C9DA372FBC24F900DD4FBC /* Sources */ = {
			isa = PBXSourcesBuildPhase;
			buildActionMask = 2147483647;
			files = (
			);
			runOnlyForDeploymentPostprocessing = 0;
		};
		A9C9DA412FBC24F900DD4FBC /* Sources */ = {
			isa = PBXSourcesBuildPhase;
			buildActionMask = 2147483647;
			files = (
			);
			runOnlyForDeploymentPostprocessing = 0;
		};
/* End PBXSourcesBuildPhase section */

/* Begin PBXTargetDependency section */
		A9C9DA3D2FBC24F900DD4FBC /* PBXTargetDependency */ = {
			isa = PBXTargetDependency;
			target = A9C9DA2D2FBC24F700DD4FBC /* RealTimePriceTracker */;
			targetProxy = A9C9DA3C2FBC24F900DD4FBC /* PBXContainerItemProxy */;
		};
		A9C9DA472FBC24F900DD4FBC /* PBXTargetDependency */ = {
			isa = PBXTargetDependency;
			target = A9C9DA2D2FBC24F700DD4FBC /* RealTimePriceTracker */;
			targetProxy = A9C9DA462FBC24F900DD4FBC /* PBXContainerItemProxy */;
		};
/* End PBXTargetDependency section */

/* Begin XCBuildConfiguration section */
		A9C9DA4D2FBC24F900DD4FBC /* Debug */ = {
			isa = XCBuildConfiguration;
			buildSettings = {
				ALWAYS_SEARCH_USER_PATHS = NO;
				ASSETCATALOG_COMPILER_GENERATE_SWIFT_ASSET_SYMBOL_EXTENSIONS = YES;
				CLANG_ANALYZER_NONNULL = YES;
				CLANG_ANALYZER_NUMBER_OBJECT_CONVERSION = YES_AGGRESSIVE;
				CLANG_CXX_LANGUAGE_STANDARD = "gnu++20";
				CLANG_ENABLE_MODULES = YES;
				CLANG_ENABLE_OBJC_ARC = YES;
				CLANG_ENABLE_OBJC_WEAK = YES;
				CLANG_WARN_BLOCK_CAPTURE_AUTORELEASING = YES;
				CLANG_WARN_BOOL_CONVERSION = YES;
				CLANG_WARN_COMMA = YES;
				CLANG_WARN_CONSTANT_CONVERSION = YES;
				CLANG_WARN_DEPRECATED_OBJC_IMPLEMENTATIONS = YES;
				CLANG_WARN_DIRECT_OBJC_ISA_USAGE = YES_ERROR;
				CLANG_WARN_DOCUMENTATION_COMMENTS = YES;
				CLANG_WARN_EMPTY_BODY = YES;
				CLANG_WARN_ENUM_CONVERSION = YES;
				CLANG_WARN_INFINITE_RECURSION = YES;
				CLANG_WARN_INT_CONVERSION = YES;
				CLANG_WARN_NON_LITERAL_NULL_CONVERSION = YES;
				CLANG_WARN_OBJC_IMPLICIT_RETAIN_SELF = YES;
				CLANG_WARN_OBJC_LITERAL_CONVERSION = YES;
				CLANG_WARN_OBJC_ROOT_CLASS = YES_ERROR;
				CLANG_WARN_QUOTED_INCLUDE_IN_FRAMEWORK_HEADER = YES;
				CLANG_WARN_RANGE_LOOP_ANALYSIS = YES;
				CLANG_WARN_STRICT_PROTOTYPES = YES;
				CLANG_WARN_SUSPICIOUS_MOVE = YES;
				CLANG_WARN_UNGUARDED_AVAILABILITY = YES_AGGRESSIVE;
				CLANG_WARN_UNREACHABLE_CODE = YES;
				CLANG_WARN__DUPLICATE_METHOD_MATCH = YES;
				COPY_PHASE_STRIP = NO;
				DEBUG_INFORMATION_FORMAT = dwarf;
				DEVELOPMENT_TEAM = 2UBDP9T662;
				ENABLE_STRICT_OBJC_MSGSEND = YES;
				ENABLE_TESTABILITY = YES;
				ENABLE_USER_SCRIPT_SANDBOXING = YES;
				GCC_C_LANGUAGE_STANDARD = gnu17;
				GCC_DYNAMIC_NO_PIC = NO;
				GCC_NO_COMMON_BLOCKS = YES;
				GCC_OPTIMIZATION_LEVEL = 0;
				GCC_PREPROCESSOR_DEFINITIONS = (
					"DEBUG=1",
					"$(inherited)",
				);
				GCC_WARN_64_TO_32_BIT_CONVERSION = YES;
				GCC_WARN_ABOUT_RETURN_TYPE = YES_ERROR;
				GCC_WARN_UNDECLARED_SELECTOR = YES;
				GCC_WARN_UNINITIALIZED_AUTOS = YES_AGGRESSIVE;
				GCC_WARN_UNUSED_FUNCTION = YES;
				GCC_WARN_UNUSED_VARIABLE = YES;
				IPHONEOS_DEPLOYMENT_TARGET = 26.2;
				LOCALIZATION_PREFERS_STRING_CATALOGS = YES;
				MTL_ENABLE_DEBUG_INFO = INCLUDE_SOURCE;
				MTL_FAST_MATH = YES;
				ONLY_ACTIVE_ARCH = YES;
				SDKROOT = iphoneos;
				SWIFT_ACTIVE_COMPILATION_CONDITIONS = "DEBUG $(inherited)";
				SWIFT_OPTIMIZATION_LEVEL = "-Onone";
			};
			name = Debug;
		};
		A9C9DA4E2FBC24F900DD4FBC /* Release */ = {
			isa = XCBuildConfiguration;
			buildSettings = {
				ALWAYS_SEARCH_USER_PATHS = NO;
				ASSETCATALOG_COMPILER_GENERATE_SWIFT_ASSET_SYMBOL_EXTENSIONS = YES;
				CLANG_ANALYZER_NONNULL = YES;
				CLANG_ANALYZER_NUMBER_OBJECT_CONVERSION = YES_AGGRESSIVE;
				CLANG_CXX_LANGUAGE_STANDARD = "gnu++20";
				CLANG_ENABLE_MODULES = YES;
				CLANG_ENABLE_OBJC_ARC = YES;
				CLANG_ENABLE_OBJC_WEAK = YES;
				CLANG_WARN_BLOCK_CAPTURE_AUTORELEASING = YES;
				CLANG_WARN_BOOL_CONVERSION = YES;
				CLANG_WARN_COMMA = YES;
				CLANG_WARN_CONSTANT_CONVERSION = YES;
				CLANG_WARN_DEPRECATED_OBJC_IMPLEMENTATIONS = YES;
				CLANG_WARN_DIRECT_OBJC_ISA_USAGE = YES_ERROR;
				CLANG_WARN_DOCUMENTATION_COMMENTS = YES;
				CLANG_WARN_EMPTY_BODY = YES;
				CLANG_WARN_ENUM_CONVERSION = YES;
				CLANG_WARN_INFINITE_RECURSION = YES;
				CLANG_WARN_INT_CONVERSION = YES;
				CLANG_WARN_NON_LITERAL_NULL_CONVERSION = YES;
				CLANG_WARN_OBJC_IMPLICIT_RETAIN_SELF = YES;
				CLANG_WARN_OBJC_LITERAL_CONVERSION = YES;
				CLANG_WARN_OBJC_ROOT_CLASS = YES_ERROR;
				CLANG_WARN_QUOTED_INCLUDE_IN_FRAMEWORK_HEADER = YES;
				CLANG_WARN_RANGE_LOOP_ANALYSIS = YES;
				CLANG_WARN_STRICT_PROTOTYPES = YES;
				CLANG_WARN_SUSPICIOUS_MOVE = YES;
				CLANG_WARN_UNGUARDED_AVAILABILITY = YES_AGGRESSIVE;
				CLANG_WARN_UNREACHABLE_CODE = YES;
				CLANG_WARN__DUPLICATE_METHOD_MATCH = YES;
				COPY_PHASE_STRIP = NO;
				DEBUG_INFORMATION_FORMAT = "dwarf-with-dsym";
				DEVELOPMENT_TEAM = 2UBDP9T662;
				ENABLE_NS_ASSERTIONS = NO;
				ENABLE_STRICT_OBJC_MSGSEND = YES;
				ENABLE_USER_SCRIPT_SANDBOXING = YES;
				GCC_C_LANGUAGE_STANDARD = gnu17;
				GCC_NO_COMMON_BLOCKS = YES;
				GCC_WARN_64_TO_32_BIT_CONVERSION = YES;
				GCC_WARN_ABOUT_RETURN_TYPE = YES_ERROR;
				GCC_WARN_UNDECLARED_SELECTOR = YES;
				GCC_WARN_UNINITIALIZED_AUTOS = YES_AGGRESSIVE;
				GCC_WARN_UNUSED_FUNCTION = YES;
				GCC_WARN_UNUSED_VARIABLE = YES;
				IPHONEOS_DEPLOYMENT_TARGET = 26.2;
				LOCALIZATION_PREFERS_STRING_CATALOGS = YES;
				MTL_ENABLE_DEBUG_INFO = NO;
				MTL_FAST_MATH = YES;
				SDKROOT = iphoneos;
				SWIFT_COMPILATION_MODE = wholemodule;
				VALIDATE_PRODUCT = YES;
			};
			name = Release;
		};
		A9C9DA502FBC24F900DD4FBC /* Debug */ = {
			isa = XCBuildConfiguration;
			buildSettings = {
				ASSETCATALOG_COMPILER_APPICON_NAME = AppIcon;
				ASSETCATALOG_COMPILER_GLOBAL_ACCENT_COLOR_NAME = AccentColor;
				CODE_SIGN_STYLE = Automatic;
				CURRENT_PROJECT_VERSION = 1;
				DEVELOPMENT_TEAM = 2UBDP9T662;
				ENABLE_PREVIEWS = YES;
				GENERATE_INFOPLIST_FILE = YES;
				INFOPLIST_KEY_UIApplicationSceneManifest_Generation = YES;
				INFOPLIST_KEY_UIApplicationSupportsIndirectInputEvents = YES;
				INFOPLIST_KEY_UILaunchScreen_Generation = YES;
				INFOPLIST_KEY_UISupportedInterfaceOrientations_iPad = "UIInterfaceOrientationPortrait UIInterfaceOrientationPortraitUpsideDown UIInterfaceOrientationLandscapeLeft UIInterfaceOrientationLandscapeRight";
				INFOPLIST_KEY_UISupportedInterfaceOrientations_iPhone = "UIInterfaceOrientationPortrait UIInterfaceOrientationLandscapeLeft UIInterfaceOrientationLandscapeRight";
				LD_RUNPATH_SEARCH_PATHS = (
					"$(inherited)",
					"@executable_path/Frameworks",
				);
				MARKETING_VERSION = 1.0;
				PRODUCT_BUNDLE_IDENTIFIER = "kasnstantsin-klinau.RealTimePriceTracker";
				PRODUCT_NAME = "$(TARGET_NAME)";
				STRING_CATALOG_GENERATE_SYMBOLS = YES;
				SWIFT_APPROACHABLE_CONCURRENCY = YES;
				SWIFT_DEFAULT_ACTOR_ISOLATION = MainActor;
				SWIFT_EMIT_LOC_STRINGS = YES;
				SWIFT_UPCOMING_FEATURE_MEMBER_IMPORT_VISIBILITY = YES;
				SWIFT_VERSION = 5.0;
				TARGETED_DEVICE_FAMILY = "1,2";
			};
			name = Debug;
		};
		A9C9DA512FBC24F900DD4FBC /* Release */ = {
			isa = XCBuildConfiguration;
			buildSettings = {
				ASSETCATALOG_COMPILER_APPICON_NAME = AppIcon;
				ASSETCATALOG_COMPILER_GLOBAL_ACCENT_COLOR_NAME = AccentColor;
				CODE_SIGN_STYLE = Automatic;
				CURRENT_PROJECT_VERSION = 1;
				DEVELOPMENT_TEAM = 2UBDP9T662;
				ENABLE_PREVIEWS = YES;
				GENERATE_INFOPLIST_FILE = YES;
				INFOPLIST_KEY_UIApplicationSceneManifest_Generation = YES;
				INFOPLIST_KEY_UIApplicationSupportsIndirectInputEvents = YES;
				INFOPLIST_KEY_UILaunchScreen_Generation = YES;
				INFOPLIST_KEY_UISupportedInterfaceOrientations_iPad = "UIInterfaceOrientationPortrait UIInterfaceOrientationPortraitUpsideDown UIInterfaceOrientationLandscapeLeft UIInterfaceOrientationLandscapeRight";
				INFOPLIST_KEY_UISupportedInterfaceOrientations_iPhone = "UIInterfaceOrientationPortrait UIInterfaceOrientationLandscapeLeft UIInterfaceOrientationLandscapeRight";
				LD_RUNPATH_SEARCH_PATHS = (
					"$(inherited)",
					"@executable_path/Frameworks",
				);
				MARKETING_VERSION = 1.0;
				PRODUCT_BUNDLE_IDENTIFIER = "kasnstantsin-klinau.RealTimePriceTracker";
				PRODUCT_NAME = "$(TARGET_NAME)";
				STRING_CATALOG_GENERATE_SYMBOLS = YES;
				SWIFT_APPROACHABLE_CONCURRENCY = YES;
				SWIFT_DEFAULT_ACTOR_ISOLATION = MainActor;
				SWIFT_EMIT_LOC_STRINGS = YES;
				SWIFT_UPCOMING_FEATURE_MEMBER_IMPORT_VISIBILITY = YES;
				SWIFT_VERSION = 5.0;
				TARGETED_DEVICE_FAMILY = "1,2";
			};
			name = Release;
		};
		A9C9DA532FBC24F900DD4FBC /* Debug */ = {
			isa = XCBuildConfiguration;
			buildSettings = {
				BUNDLE_LOADER = "$(TEST_HOST)";
				CODE_SIGN_STYLE = Automatic;
				CURRENT_PROJECT_VERSION = 1;
				DEVELOPMENT_TEAM = 2UBDP9T662;
				GENERATE_INFOPLIST_FILE = YES;
				IPHONEOS_DEPLOYMENT_TARGET = 26.2;
				MARKETING_VERSION = 1.0;
				PRODUCT_BUNDLE_IDENTIFIER = "kasnstantsin-klinau.RealTimePriceTrackerTests";
				PRODUCT_NAME = "$(TARGET_NAME)";
				STRING_CATALOG_GENERATE_SYMBOLS = NO;
				SWIFT_APPROACHABLE_CONCURRENCY = YES;
				SWIFT_EMIT_LOC_STRINGS = NO;
				SWIFT_UPCOMING_FEATURE_MEMBER_IMPORT_VISIBILITY = YES;
				SWIFT_VERSION = 5.0;
				TARGETED_DEVICE_FAMILY = "1,2";
				TEST_HOST = "$(BUILT_PRODUCTS_DIR)/RealTimePriceTracker.app/$(BUNDLE_EXECUTABLE_FOLDER_PATH)/RealTimePriceTracker";
			};
			name = Debug;
		};
		A9C9DA542FBC24F900DD4FBC /* Release */ = {
			isa = XCBuildConfiguration;
			buildSettings = {
				BUNDLE_LOADER = "$(TEST_HOST)";
				CODE_SIGN_STYLE = Automatic;
				CURRENT_PROJECT_VERSION = 1;
				DEVELOPMENT_TEAM = 2UBDP9T662;
				GENERATE_INFOPLIST_FILE = YES;
				IPHONEOS_DEPLOYMENT_TARGET = 26.2;
				MARKETING_VERSION = 1.0;
				PRODUCT_BUNDLE_IDENTIFIER = "kasnstantsin-klinau.RealTimePriceTrackerTests";
				PRODUCT_NAME = "$(TARGET_NAME)";
				STRING_CATALOG_GENERATE_SYMBOLS = NO;
				SWIFT_APPROACHABLE_CONCURRENCY = YES;
				SWIFT_EMIT_LOC_STRINGS = NO;
				SWIFT_UPCOMING_FEATURE_MEMBER_IMPORT_VISIBILITY = YES;
				SWIFT_VERSION = 5.0;
				TARGETED_DEVICE_FAMILY = "1,2";
				TEST_HOST = "$(BUILT_PRODUCTS_DIR)/RealTimePriceTracker.app/$(BUNDLE_EXECUTABLE_FOLDER_PATH)/RealTimePriceTracker";
			};
			name = Release;
		};
		A9C9DA562FBC24F900DD4FBC /* Debug */ = {
			isa = XCBuildConfiguration;
			buildSettings = {
				CODE_SIGN_STYLE = Automatic;
				CURRENT_PROJECT_VERSION = 1;
				DEVELOPMENT_TEAM = 2UBDP9T662;
				GENERATE_INFOPLIST_FILE = YES;
				MARKETING_VERSION = 1.0;
				PRODUCT_BUNDLE_IDENTIFIER = "kasnstantsin-klinau.RealTimePriceTrackerUITests";
				PRODUCT_NAME = "$(TARGET_NAME)";
				STRING_CATALOG_GENERATE_SYMBOLS = NO;
				SWIFT_APPROACHABLE_CONCURRENCY = YES;
				SWIFT_EMIT_LOC_STRINGS = NO;
				SWIFT_UPCOMING_FEATURE_MEMBER_IMPORT_VISIBILITY = YES;
				SWIFT_VERSION = 5.0;
				TARGETED_DEVICE_FAMILY = "1,2";
				TEST_TARGET_NAME = RealTimePriceTracker;
			};
			name = Debug;
		};
		A9C9DA572FBC24F900DD4FBC /* Release */ = {
			isa = XCBuildConfiguration;
			buildSettings = {
				CODE_SIGN_STYLE = Automatic;
				CURRENT_PROJECT_VERSION = 1;
				DEVELOPMENT_TEAM = 2UBDP9T662;
				GENERATE_INFOPLIST_FILE = YES;
				MARKETING_VERSION = 1.0;
				PRODUCT_BUNDLE_IDENTIFIER = "kasnstantsin-klinau.RealTimePriceTrackerUITests";
				PRODUCT_NAME = "$(TARGET_NAME)";
				STRING_CATALOG_GENERATE_SYMBOLS = NO;
				SWIFT_APPROACHABLE_CONCURRENCY = YES;
				SWIFT_EMIT_LOC_STRINGS = NO;
				SWIFT_UPCOMING_FEATURE_MEMBER_IMPORT_VISIBILITY = YES;
				SWIFT_VERSION = 5.0;
				TARGETED_DEVICE_FAMILY = "1,2";
				TEST_TARGET_NAME = RealTimePriceTracker;
			};
			name = Release;
		};
/* End XCBuildConfiguration section */

/* Begin XCConfigurationList section */
		A9C9DA292FBC24F700DD4FBC /* Build configuration list for PBXProject "RealTimePriceTracker" */ = {
			isa = XCConfigurationList;
			buildConfigurations = (
				A9C9DA4D2FBC24F900DD4FBC /* Debug */,
				A9C9DA4E2FBC24F900DD4FBC /* Release */,
			);
			defaultConfigurationIsVisible = 0;
			defaultConfigurationName = Release;
		};
		A9C9DA4F2FBC24F900DD4FBC /* Build configuration list for PBXNativeTarget "RealTimePriceTracker" */ = {
			isa = XCConfigurationList;
			buildConfigurations = (
				A9C9DA502FBC24F900DD4FBC /* Debug */,
				A9C9DA512FBC24F900DD4FBC /* Release */,
			);
			defaultConfigurationIsVisible = 0;
			defaultConfigurationName = Release;
		};
		A9C9DA522FBC24F900DD4FBC /* Build configuration list for PBXNativeTarget "RealTimePriceTrackerTests" */ = {
			isa = XCConfigurationList;
			buildConfigurations = (
				A9C9DA532FBC24F900DD4FBC /* Debug */,
				A9C9DA542FBC24F900DD4FBC /* Release */,
			);
			defaultConfigurationIsVisible = 0;
			defaultConfigurationName = Release;
		};
		A9C9DA552FBC24F900DD4FBC /* Build configuration list for PBXNativeTarget "RealTimePriceTrackerUITests" */ = {
			isa = XCConfigurationList;
			buildConfigurations = (
				A9C9DA562FBC24F900DD4FBC /* Debug */,
				A9C9DA572FBC24F900DD4FBC /* Release */,
			);
			defaultConfigurationIsVisible = 0;
			defaultConfigurationName = Release;
		};
/* End XCConfigurationList section */
	};
	rootObject = A9C9DA262FBC24F700DD4FBC /* Project object */;
}
